
Microsoft Visual Studio Solution File, Format Version 12.00
# Visual Studio Version 17
VisualStudioVersion = 17.4.33205.214
MinimumVisualStudioVersion = 10.0.40219.1
Project("{2150E333-8FDC-42A3-9474-1A3956D46DE8}") = "Services", "Services", "{613D738B-CC2D-4E25-8356-149518FF2768}"
EndProject
Project("{2150E333-8FDC-42A3-9474-1A3956D46DE8}") = "Identity", "Identity", "{19947A44-BC8B-4EF4-A7F1-54B2A2D991B5}"
EndProject
Project("{2150E333-8FDC-42A3-9474-1A3956D46DE8}") = "Cadastral", "Cadastral", "{2CF39654-E07D-4181-A9AC-FEB85336EF7E}"
EndProject
Project("{2150E333-8FDC-42A3-9474-1A3956D46DE8}") = "Domain", "Domain", "{A046F50B-A15F-45AD-9896-3630BEA5EE07}"
EndProject
Project("{2150E333-8FDC-42A3-9474-1A3956D46DE8}") = "Application", "Application", "{46F8504A-88FE-4319-9B3D-1682AB0D58A8}"
EndProject
Project("{2150E333-8FDC-42A3-9474-1A3956D46DE8}") = "Persistence", "Persistence", "{F9D05CAA-EEAD-4A78-A385-5C116726EEEA}"
EndProject
Project("{2150E333-8FDC-42A3-9474-1A3956D46DE8}") = "WebApi", "WebApi", "{6872D947-0080-4328-8601-78DA29D840AD}"
EndProject
Project("{2150E333-8FDC-42A3-9474-1A3956D46DE8}") = "Tests", "Tests", "{2E0AFE20-E0DE-4DAE-A1E8-18EFEF1000DE}"
EndProject
Global
	GlobalSection(SolutionProperties) = preSolution
		HideSolutionNode = FALSE
	EndGlobalSection
	GlobalSection(NestedProjects) = preSolution
		{19947A44-BC8B-4EF4-A7F1-54B2A2D991B5} = {613D738B-CC2D-4E25-8356-149518FF2768}
		{2CF39654-E07D-4181-A9AC-FEB85336EF7E} = {613D738B-CC2D-4E25-8356-149518FF2768}
		{A046F50B-A15F-45AD-9896-3630BEA5EE07} = {2CF39654-E07D-4181-A9AC-FEB85336EF7E}
		{46F8504A-88FE-4319-9B3D-1682AB0D58A8} = {2CF39654-E07D-4181-A9AC-FEB85336EF7E}
		{F9D05CAA-EEAD-4A78-A385-5C116726EEEA} = {2CF39654-E07D-4181-A9AC-FEB85336EF7E}
		{6872D947-0080-4328-8601-78DA29D840AD} = {2CF39654-E07D-4181-A9AC-FEB85336EF7E}
		{2E0AFE20-E0DE-4DAE-A1E8-18EFEF1000DE} = {2CF39654-E07D-4181-A9AC-FEB85336EF7E}
	EndGlobalSection
	GlobalSection(ExtensibilityGlobals) = postSolution
		SolutionGuid = {BA9CD049-58F5-4D42-A2DF-1722F7EE8A3B}
	EndGlobalSection
EndGlobal
