
Microsoft Visual Studio Solution File, Format Version 12.00
# Visual Studio Version 17
VisualStudioVersion = 17.4.33205.214
MinimumVisualStudioVersion = 10.0.40219.1
Project("{2150E333-8FDC-42A3-9474-1A3956D46DE8}") = "Services", "Services", "{613D738B-CC2D-4E25-8356-149518FF2768}"
EndProject
Project("{2150E333-8FDC-42A3-9474-1A3956D46DE8}") = "Identity", "Identity", "{19947A44-BC8B-4EF4-A7F1-54B2A2D991B5}"
EndProject
Project("{2150E333-8FDC-42A3-9474-1A3956D46DE8}") = "Cadastral", "Cadastral", "{2CF39654-E07D-4181-A9AC-FEB85336EF7E}"
EndProject
Project("{2150E333-8FDC-42A3-9474-1A3956D46DE8}") = "Domain", "Domain", "{A046F50B-A15F-45AD-9896-3630BEA5EE07}"
EndProject
Project("{2150E333-8FDC-42A3-9474-1A3956D46DE8}") = "Application", "Application", "{46F8504A-88FE-4319-9B3D-1682AB0D58A8}"
EndProject
Project("{2150E333-8FDC-42A3-9474-1A3956D46DE8}") = "Persistence", "Persistence", "{F9D05CAA-EEAD-4A78-A385-5C116726EEEA}"
EndProject
Project("{2150E333-8FDC-42A3-9474-1A3956D46DE8}") = "WebApi", "WebApi", "{6872D947-0080-4328-8601-78DA29D840AD}"
EndProject
Project("{9A19103F-16F7-4668-BE54-9A1E7A4F7556}") = "CadastralOfficeDomain", "Services\Cadastral\CadastralOfficeDomain\CadastralOfficeDomain.csproj", "{0C2C80CC-BF1D-46BE-AA05-F759619381B8}"
EndProject
Project("{9A19103F-16F7-4668-BE54-9A1E7A4F7556}") = "CadastralOfficeApplication", "Services\Cadastral\CadastralOfficeApplication\CadastralOfficeApplication.csproj", "{FEC94E4F-C61F-440B-9816-E1EA7118C854}"
EndProject
Project("{9A19103F-16F7-4668-BE54-9A1E7A4F7556}") = "CadastralOfficePersistence", "Services\Cadastral\CadastralOfficePersistence\CadastralOfficePersistence.csproj", "{82E00DB8-04ED-471C-8539-DD375B141F81}"
EndProject
Project("{9A19103F-16F7-4668-BE54-9A1E7A4F7556}") = "CadastralOfficeWebApi", "Services\Cadastral\CadastralOfficeWebApi\CadastralOfficeWebApi.csproj", "{6212A1EC-B1C2-4ADA-850C-5CBDFE450B1C}"
EndProject
Project("{2150E333-8FDC-42A3-9474-1A3956D46DE8}") = "Tests", "Tests", "{C552471F-2606-4F6F-99E9-A5D69D90D94C}"
EndProject
Project("{9A19103F-16F7-4668-BE54-9A1E7A4F7556}") = "CadastralOfficeTests", "Services\Cadastral\CadastralOfficeTests\CadastralOfficeTests.csproj", "{63CD76A6-53CF-48B3-AC17-0AE8238124F9}"
EndProject
Global
	GlobalSection(SolutionConfigurationPlatforms) = preSolution
		Debug|Any CPU = Debug|Any CPU
		Release|Any CPU = Release|Any CPU
	EndGlobalSection
	GlobalSection(ProjectConfigurationPlatforms) = postSolution
		{0C2C80CC-BF1D-46BE-AA05-F759619381B8}.Debug|Any CPU.ActiveCfg = Debug|Any CPU
		{0C2C80CC-BF1D-46BE-AA05-F759619381B8}.Debug|Any CPU.Build.0 = Debug|Any CPU
		{0C2C80CC-BF1D-46BE-AA05-F759619381B8}.Release|Any CPU.ActiveCfg = Release|Any CPU
		{0C2C80CC-BF1D-46BE-AA05-F759619381B8}.Release|Any CPU.Build.0 = Release|Any CPU
		{FEC94E4F-C61F-440B-9816-E1EA7118C854}.Debug|Any CPU.ActiveCfg = Debug|Any CPU
		{FEC94E4F-C61F-440B-9816-E1EA7118C854}.Debug|Any CPU.Build.0 = Debug|Any CPU
		{FEC94E4F-C61F-440B-9816-E1EA7118C854}.Release|Any CPU.ActiveCfg = Release|Any CPU
		{FEC94E4F-C61F-440B-9816-E1EA7118C854}.Release|Any CPU.Build.0 = Release|Any CPU
		{82E00DB8-04ED-471C-8539-DD375B141F81}.Debug|Any CPU.ActiveCfg = Debug|Any CPU
		{82E00DB8-04ED-471C-8539-DD375B141F81}.Debug|Any CPU.Build.0 = Debug|Any CPU
		{82E00DB8-04ED-471C-8539-DD375B141F81}.Release|Any CPU.ActiveCfg = Release|Any CPU
		{82E00DB8-04ED-471C-8539-DD375B141F81}.Release|Any CPU.Build.0 = Release|Any CPU
		{6212A1EC-B1C2-4ADA-850C-5CBDFE450B1C}.Debug|Any CPU.ActiveCfg = Debug|Any CPU
		{6212A1EC-B1C2-4ADA-850C-5CBDFE450B1C}.Debug|Any CPU.Build.0 = Debug|Any CPU
		{6212A1EC-B1C2-4ADA-850C-5CBDFE450B1C}.Release|Any CPU.ActiveCfg = Release|Any CPU
		{6212A1EC-B1C2-4ADA-850C-5CBDFE450B1C}.Release|Any CPU.Build.0 = Release|Any CPU
		{63CD76A6-53CF-48B3-AC17-0AE8238124F9}.Debug|Any CPU.ActiveCfg = Debug|Any CPU
		{63CD76A6-53CF-48B3-AC17-0AE8238124F9}.Debug|Any CPU.Build.0 = Debug|Any CPU
		{63CD76A6-53CF-48B3-AC17-0AE8238124F9}.Release|Any CPU.ActiveCfg = Release|Any CPU
		{63CD76A6-53CF-48B3-AC17-0AE8238124F9}.Release|Any CPU.Build.0 = Release|Any CPU
	EndGlobalSection
	GlobalSection(SolutionProperties) = preSolution
		HideSolutionNode = FALSE
	EndGlobalSection
	GlobalSection(NestedProjects) = preSolution
		{19947A44-BC8B-4EF4-A7F1-54B2A2D991B5} = {613D738B-CC2D-4E25-8356-149518FF2768}
		{2CF39654-E07D-4181-A9AC-FEB85336EF7E} = {613D738B-CC2D-4E25-8356-149518FF2768}
		{A046F50B-A15F-45AD-9896-3630BEA5EE07} = {2CF39654-E07D-4181-A9AC-FEB85336EF7E}
		{46F8504A-88FE-4319-9B3D-1682AB0D58A8} = {2CF39654-E07D-4181-A9AC-FEB85336EF7E}
		{F9D05CAA-EEAD-4A78-A385-5C116726EEEA} = {2CF39654-E07D-4181-A9AC-FEB85336EF7E}
		{6872D947-0080-4328-8601-78DA29D840AD} = {2CF39654-E07D-4181-A9AC-FEB85336EF7E}
		{0C2C80CC-BF1D-46BE-AA05-F759619381B8} = {A046F50B-A15F-45AD-9896-3630BEA5EE07}
		{FEC94E4F-C61F-440B-9816-E1EA7118C854} = {46F8504A-88FE-4319-9B3D-1682AB0D58A8}
		{82E00DB8-04ED-471C-8539-DD375B141F81} = {F9D05CAA-EEAD-4A78-A385-5C116726EEEA}
		{6212A1EC-B1C2-4ADA-850C-5CBDFE450B1C} = {6872D947-0080-4328-8601-78DA29D840AD}
		{C552471F-2606-4F6F-99E9-A5D69D90D94C} = {2CF39654-E07D-4181-A9AC-FEB85336EF7E}
		{63CD76A6-53CF-48B3-AC17-0AE8238124F9} = {C552471F-2606-4F6F-99E9-A5D69D90D94C}
	EndGlobalSection
	GlobalSection(ExtensibilityGlobals) = postSolution
		SolutionGuid = {BA9CD049-58F5-4D42-A2DF-1722F7EE8A3B}
	EndGlobalSection
EndGlobal
